<?xml version="1.0" encoding="utf-8"?>
<Project ToolsVersion="4.0" xmlns="http://schemas.microsoft.com/developer/msbuild/2003">
  <ItemGroup>
    <Filter Include="Source Files">
      <UniqueIdentifier>{4FC737F1-C7A5-4376-A066-2A32D752A2FF}</UniqueIdentifier>
      <Extensions>cpp;c;cc;cxx;def;odl;idl;hpj;bat;asm;asmx</Extensions>
    </Filter>
    <Filter Include="Header Files">
      <UniqueIdentifier>{93995380-89BD-4b04-88EB-625FBE52EBFB}</UniqueIdentifier>
      <Extensions>h;hpp;hxx;hm;inl;inc;xsd</Extensions>
    </Filter>
    <Filter Include="Resource Files">
      <UniqueIdentifier>{67DA6AB6-F800-4c08-8B7A-83BB121AAD01}</UniqueIdentifier>
      <Extensions>rc;ico;cur;bmp;dlg;rc2;rct;bin;rgs;gif;jpg;jpeg;jpe;resx;tiff;tif;png;wav;mfcribbon-ms</Extensions>
    </Filter>
  </ItemGroup>
  <ItemGroup>
    <None Include="ReadMe.txt" />
    <None Include="DbgCM.def">
      <Filter>Source Files</Filter>
    </None>
    <None Include="res\DbgCM.rc2">
      <Filter>Resource Files</Filter>
    </None>
    <None Include="res\load.bmp">
      <Filter>Resource Files</Filter>
    </None>
    <None Include="ChangeLog.txt" />
    <None Include="..\..\.clang-format" />
    <None Include="..\.editorconfig" />
  </ItemGroup>
  <ItemGroup>
    <ClCompile Include="DbgCM.cpp">
      <Filter>Source Files</Filter>
    </ClCompile>
    <ClCompile Include="stdafx.cpp">
      <Filter>Source Files</Filter>
    </ClCompile>
    <ClCompile Include="AGDI.CPP">
      <Filter>Source Files</Filter>
    </ClCompile>
    <ClCompile Include="Debug.cpp">
      <Filter>Source Files</Filter>
    </ClCompile>
    <ClCompile Include="ELF.cpp">
      <Filter>Source Files</Filter>
    </ClCompile>
    <ClCompile Include="Flash.cpp">
      <Filter>Source Files</Filter>
    </ClCompile>
    <ClCompile Include="JTAG.cpp">
      <Filter>Source Files</Filter>
    </ClCompile>
    <ClCompile Include="Setup.cpp">
      <Filter>Source Files</Filter>
    </ClCompile>
    <ClCompile Include="SetupDbg.cpp">
      <Filter>Source Files</Filter>
    </ClCompile>
    <ClCompile Include="SetupFD.cpp">
      <Filter>Source Files</Filter>
    </ClCompile>
    <ClCompile Include="SetupTrc.cpp">
      <Filter>Source Files</Filter>
    </ClCompile>
    <ClCompile Include="SWD.cpp">
      <Filter>Source Files</Filter>
    </ClCompile>
    <ClCompile Include="SWV.cpp">
      <Filter>Source Files</Filter>
    </ClCompile>
    <ClCompile Include="Trace.cpp">
      <Filter>Source Files</Filter>
    </ClCompile>
    <ClCompile Include="TraceExc.cpp">
      <Filter>Source Files</Filter>
    </ClCompile>
    <ClCompile Include="TraceRec.cpp">
      <Filter>Source Files</Filter>
    </ClCompile>
    <ClCompile Include="TraceWinConnect.cpp">
      <Filter>Source Files</Filter>
    </ClCompile>
    <ClCompile Include="BreakResources.cpp">
      <Filter>Source Files</Filter>
    </ClCompile>
    <ClCompile Include="DebugAccess.cpp">
      <Filter>Source Files</Filter>
    </ClCompile>
    <ClCompile Include="DSMonitor.cpp">
      <Filter>Source Files</Filter>
    </ClCompile>
    <ClCompile Include="PDSCDebug.cpp">
      <Filter>Source Files</Filter>
    </ClCompile>
    <ClCompile Include="SetupPdsc.cpp">
      <Filter>Source Files</Filter>
    </ClCompile>
    <ClCompile Include="ETB.cpp">
      <Filter>Source Files</Filter>
    </ClCompile>
    <ClCompile Include="CSTF.cpp">
      <Filter>Source Files</Filter>
    </ClCompile>
    <ClCompile Include="CTI.cpp">
      <Filter>Source Files</Filter>
    </ClCompile>
    <ClCompile Include="rddi_dll.cpp">
      <Filter>Source Files</Filter>
    </ClCompile>
  </ItemGroup>
  <ItemGroup>
    <ClInclude Include="DbgCM.h">
      <Filter>Header Files</Filter>
    </ClInclude>
    <ClInclude Include="stdafx.h">
      <Filter>Header Files</Filter>
    </ClInclude>
    <ClInclude Include="targetver.h">
      <Filter>Header Files</Filter>
    </ClInclude>
    <ClInclude Include="Resource.h">
      <Filter>Header Files</Filter>
    </ClInclude>
    <ClInclude Include="COLLECT.H">
      <Filter>Header Files</Filter>
    </ClInclude>
    <ClInclude Include="Debug.h">
      <Filter>Header Files</Filter>
    </ClInclude>
    <ClInclude Include="ELF.h">
      <Filter>Header Files</Filter>
    </ClInclude>
    <ClInclude Include="Flash.h">
      <Filter>Header Files</Filter>
    </ClInclude>
    <ClInclude Include="JTAG.h">
      <Filter>Header Files</Filter>
    </ClInclude>
    <ClInclude Include="Setup.h">
      <Filter>Header Files</Filter>
    </ClInclude>
    <ClInclude Include="SetupDbg.h">
      <Filter>Header Files</Filter>
    </ClInclude>
    <ClInclude Include="SetupFD.h">
      <Filter>Header Files</Filter>
    </ClInclude>
    <ClInclude Include="SetupTrc.h">
      <Filter>Header Files</Filter>
    </ClInclude>
    <ClInclude Include="SWD.h">
      <Filter>Header Files</Filter>
    </ClInclude>
    <ClInclude Include="SWV.h">
      <Filter>Header Files</Filter>
    </ClInclude>
    <ClInclude Include="Trace.h">
      <Filter>Header Files</Filter>
    </ClInclude>
    <ClInclude Include="TraceExc.h">
      <Filter>Header Files</Filter>
    </ClInclude>
    <ClInclude Include="TraceRec.h">
      <Filter>Header Files</Filter>
    </ClInclude>
    <ClInclude Include="TraceWinConnect.h">
      <Filter>Header Files</Filter>
    </ClInclude>
    <ClInclude Include="BreakResources.h">
      <Filter>Header Files</Filter>
    </ClInclude>
    <ClInclude Include="DebugAccess.h">
      <Filter>Header Files</Filter>
    </ClInclude>
    <ClInclude Include="DSMonitor.h">
      <Filter>Header Files</Filter>
    </ClInclude>
    <ClInclude Include="PDSCDebug.h">
      <Filter>Header Files</Filter>
    </ClInclude>
    <ClInclude Include="SetupPdsc.h">
      <Filter>Header Files</Filter>
    </ClInclude>
    <ClInclude Include="CSTF.h">
      <Filter>Header Files</Filter>
    </ClInclude>
    <ClInclude Include="ETB.h">
      <Filter>Header Files</Filter>
    </ClInclude>
    <ClInclude Include="CTI.h">
      <Filter>Header Files</Filter>
    </ClInclude>
    <ClInclude Include="TraceTypes.h">
      <Filter>Header Files</Filter>
    </ClInclude>
    <ClInclude Include="rddi_dll.hpp">
      <Filter>Header Files</Filter>
    </ClInclude>
    <ClInclude Include="..\..\common\rddi.h">
      <Filter>Header Files</Filter>
    </ClInclude>
    <ClInclude Include="..\..\common\rddi_dap.h">
      <Filter>Header Files</Filter>
    </ClInclude>
    <ClInclude Include="..\..\common\rddi_dap_cmsis.h">
      <Filter>Header Files</Filter>
    </ClInclude>
    <ClInclude Include="..\..\common\rddi_dap_jtag.h">
      <Filter>Header Files</Filter>
    </ClInclude>
    <ClInclude Include="..\..\common\rddi_dap_swo.h">
      <Filter>Header Files</Filter>
    </ClInclude>
  </ItemGroup>
  <ItemGroup>
    <ResourceCompile Include="DbgCM.rc">
      <Filter>Resource Files</Filter>
    </ResourceCompile>
  </ItemGroup>
</Project>