
Microsoft Visual Studio Solution File, Format Version 12.00
# Visual Studio Version 16
VisualStudioVersion = 16.0.32126.315
MinimumVisualStudioVersion = 10.0.40219.1
Project("{8BC9CEB8-8B4A-11D0-8D11-00A0C91BC942}") = "elaphureLinkAGDI", "elaphureLinkAGDI\DbgCM\DbgCM.vcxproj", "{7FE8118C-6D83-4307-B6AB-7015694598B0}"
EndProject
Project("{8BC9CEB8-8B4A-11D0-8D11-00A0C91BC942}") = "elaphureLinkRDDI", "elaphureLinkRDDI\elaphureLinkRDDI.vcxproj", "{E3A947DA-BEAB-4BDD-B785-059783E871AC}"
EndProject
Project("{8BC9CEB8-8B4A-11D0-8D11-00A0C91BC942}") = "elaphureLinkProxy", "elaphureLinkProxy\elaphureLinkProxy.vcxproj", "{AC0CBE3F-D095-4784-8043-6FE308D5FAA9}"
EndProject
Project("{FAE04EC0-301F-11D3-BF4B-00C04F79EFBC}") = "elaphureLink.Wpf", "elaphureLink.Wpf\elaphureLink.Wpf.csproj", "{C9BB14BB-3B97-4BA0-9554-E04E7DE7F7F8}"
	ProjectSection(ProjectDependencies) = postProject
		{7AE8F60D-8822-47F3-9223-B3810823CF7D} = {7AE8F60D-8822-47F3-9223-B3810823CF7D}
	EndProjectSection
EndProject
Project("{FAE04EC0-301F-11D3-BF4B-00C04F79EFBC}") = "DriverInstallHelper", "elaphureLink.Wpf\Core\Driver\DriverInstallHelper\DriverInstallHelper.csproj", "{7AE8F60D-8822-47F3-9223-B3810823CF7D}"
EndProject
Project("{2150E333-8FDC-42A3-9474-1A3956D46DE8}") = "elaphureLinkWpf", "elaphureLinkWpf", "{046CD481-45D3-4609-9411-938C04128490}"
EndProject
Global
	GlobalSection(SolutionConfigurationPlatforms) = preSolution
		Debug|Any CPU = Debug|Any CPU
		Debug|x64 = Debug|x64
		Debug|x86 = Debug|x86
		Release|Any CPU = Release|Any CPU
		Release|x64 = Release|x64
		Release|x86 = Release|x86
	EndGlobalSection
	GlobalSection(ProjectConfigurationPlatforms) = postSolution
		{7FE8118C-6D83-4307-B6AB-7015694598B0}.Debug|Any CPU.ActiveCfg = Debug|Win32
		{7FE8118C-6D83-4307-B6AB-7015694598B0}.Debug|x64.ActiveCfg = Debug|Win32
		{7FE8118C-6D83-4307-B6AB-7015694598B0}.Debug|x64.Build.0 = Debug|Win32
		{7FE8118C-6D83-4307-B6AB-7015694598B0}.Debug|x86.ActiveCfg = Debug|Win32
		{7FE8118C-6D83-4307-B6AB-7015694598B0}.Debug|x86.Build.0 = Debug|Win32
		{7FE8118C-6D83-4307-B6AB-7015694598B0}.Release|Any CPU.ActiveCfg = Release|Win32
		{7FE8118C-6D83-4307-B6AB-7015694598B0}.Release|x64.ActiveCfg = Release|x64
		{7FE8118C-6D83-4307-B6AB-7015694598B0}.Release|x64.Build.0 = Release|x64
		{7FE8118C-6D83-4307-B6AB-7015694598B0}.Release|x86.ActiveCfg = Release|Win32
		{7FE8118C-6D83-4307-B6AB-7015694598B0}.Release|x86.Build.0 = Release|Win32
		{E3A947DA-BEAB-4BDD-B785-059783E871AC}.Debug|Any CPU.ActiveCfg = Debug|Win32
		{E3A947DA-BEAB-4BDD-B785-059783E871AC}.Debug|x64.ActiveCfg = Debug|Win32
		{E3A947DA-BEAB-4BDD-B785-059783E871AC}.Debug|x64.Build.0 = Debug|Win32
		{E3A947DA-BEAB-4BDD-B785-059783E871AC}.Debug|x86.ActiveCfg = Debug|Win32
		{E3A947DA-BEAB-4BDD-B785-059783E871AC}.Debug|x86.Build.0 = Debug|Win32
		{E3A947DA-BEAB-4BDD-B785-059783E871AC}.Release|Any CPU.ActiveCfg = Release|Win32
		{E3A947DA-BEAB-4BDD-B785-059783E871AC}.Release|x64.ActiveCfg = Release|x64
		{E3A947DA-BEAB-4BDD-B785-059783E871AC}.Release|x64.Build.0 = Release|x64
		{E3A947DA-BEAB-4BDD-B785-059783E871AC}.Release|x86.ActiveCfg = Release|Win32
		{E3A947DA-BEAB-4BDD-B785-059783E871AC}.Release|x86.Build.0 = Release|Win32
		{AC0CBE3F-D095-4784-8043-6FE308D5FAA9}.Debug|Any CPU.ActiveCfg = Debug|Win32
		{AC0CBE3F-D095-4784-8043-6FE308D5FAA9}.Debug|x64.ActiveCfg = Debug|x64
		{AC0CBE3F-D095-4784-8043-6FE308D5FAA9}.Debug|x64.Build.0 = Debug|x64
		{AC0CBE3F-D095-4784-8043-6FE308D5FAA9}.Debug|x86.ActiveCfg = Debug|x64
		{AC0CBE3F-D095-4784-8043-6FE308D5FAA9}.Debug|x86.Build.0 = Debug|x64
		{AC0CBE3F-D095-4784-8043-6FE308D5FAA9}.Release|Any CPU.ActiveCfg = Release|Win32
		{AC0CBE3F-D095-4784-8043-6FE308D5FAA9}.Release|x64.ActiveCfg = Release|x64
		{AC0CBE3F-D095-4784-8043-6FE308D5FAA9}.Release|x64.Build.0 = Release|x64
		{AC0CBE3F-D095-4784-8043-6FE308D5FAA9}.Release|x86.ActiveCfg = Release|Win32
		{AC0CBE3F-D095-4784-8043-6FE308D5FAA9}.Release|x86.Build.0 = Release|Win32
		{C9BB14BB-3B97-4BA0-9554-E04E7DE7F7F8}.Debug|Any CPU.ActiveCfg = Debug|Any CPU
		{C9BB14BB-3B97-4BA0-9554-E04E7DE7F7F8}.Debug|Any CPU.Build.0 = Debug|Any CPU
		{C9BB14BB-3B97-4BA0-9554-E04E7DE7F7F8}.Debug|x64.ActiveCfg = Debug|x64
		{C9BB14BB-3B97-4BA0-9554-E04E7DE7F7F8}.Debug|x64.Build.0 = Debug|x64
		{C9BB14BB-3B97-4BA0-9554-E04E7DE7F7F8}.Debug|x86.ActiveCfg = Debug|Any CPU
		{C9BB14BB-3B97-4BA0-9554-E04E7DE7F7F8}.Debug|x86.Build.0 = Debug|Any CPU
		{C9BB14BB-3B97-4BA0-9554-E04E7DE7F7F8}.Release|Any CPU.ActiveCfg = Release|Any CPU
		{C9BB14BB-3B97-4BA0-9554-E04E7DE7F7F8}.Release|Any CPU.Build.0 = Release|Any CPU
		{C9BB14BB-3B97-4BA0-9554-E04E7DE7F7F8}.Release|x64.ActiveCfg = Release|x64
		{C9BB14BB-3B97-4BA0-9554-E04E7DE7F7F8}.Release|x64.Build.0 = Release|x64
		{C9BB14BB-3B97-4BA0-9554-E04E7DE7F7F8}.Release|x86.ActiveCfg = Release|Any CPU
		{C9BB14BB-3B97-4BA0-9554-E04E7DE7F7F8}.Release|x86.Build.0 = Release|Any CPU
		{7AE8F60D-8822-47F3-9223-B3810823CF7D}.Debug|Any CPU.ActiveCfg = Debug|x64
		{7AE8F60D-8822-47F3-9223-B3810823CF7D}.Debug|x64.ActiveCfg = Debug|x64
		{7AE8F60D-8822-47F3-9223-B3810823CF7D}.Debug|x64.Build.0 = Debug|x64
		{7AE8F60D-8822-47F3-9223-B3810823CF7D}.Debug|x86.ActiveCfg = Debug|x64
		{7AE8F60D-8822-47F3-9223-B3810823CF7D}.Release|Any CPU.ActiveCfg = Release|x64
		{7AE8F60D-8822-47F3-9223-B3810823CF7D}.Release|x64.ActiveCfg = Release|x64
		{7AE8F60D-8822-47F3-9223-B3810823CF7D}.Release|x64.Build.0 = Release|x64
		{7AE8F60D-8822-47F3-9223-B3810823CF7D}.Release|x86.ActiveCfg = Release|x64
	EndGlobalSection
	GlobalSection(SolutionProperties) = preSolution
		HideSolutionNode = FALSE
	EndGlobalSection
	GlobalSection(NestedProjects) = preSolution
		{C9BB14BB-3B97-4BA0-9554-E04E7DE7F7F8} = {046CD481-45D3-4609-9411-938C04128490}
		{7AE8F60D-8822-47F3-9223-B3810823CF7D} = {046CD481-45D3-4609-9411-938C04128490}
	EndGlobalSection
	GlobalSection(ExtensibilityGlobals) = postSolution
		SolutionGuid = {1575856A-13CA-4DCF-85D4-8E57DF82F076}
	EndGlobalSection
EndGlobal
